
Microsoft Visual Studio Solution File, Format Version 12.00
# Visual Studio Version 16
VisualStudioVersion = 16.0.30413.136
MinimumVisualStudioVersion = 10.0.40219.1
Project("{FAE04EC0-301F-11D3-BF4B-00C04F79EFBC}") = "OOD-Week5-Assignment", "OOD-Week5-Assignment\OOD-Week5-Assignment.csproj", "{143E4ED4-1351-4B1A-A7C7-ABE0465394B8}"
EndProject
Global
	GlobalSection(SolutionConfigurationPlatforms) = preSolution
		Debug|Any CPU = Debug|Any CPU
		Release|Any CPU = Release|Any CPU
	EndGlobalSection
	GlobalSection(ProjectConfigurationPlatforms) = postSolution
		{143E4ED4-1351-4B1A-A7C7-ABE0465394B8}.Debug|Any CPU.ActiveCfg = Debug|Any CPU
		{143E4ED4-1351-4B1A-A7C7-ABE0465394B8}.Debug|Any CPU.Build.0 = Debug|Any CPU
		{143E4ED4-1351-4B1A-A7C7-ABE0465394B8}.Release|Any CPU.ActiveCfg = Release|Any CPU
		{143E4ED4-1351-4B1A-A7C7-ABE0465394B8}.Release|Any CPU.Build.0 = Release|Any CPU
	EndGlobalSection
	GlobalSection(SolutionProperties) = preSolution
		HideSolutionNode = FALSE
	EndGlobalSection
	GlobalSection(ExtensibilityGlobals) = postSolution
		SolutionGuid = {ECF6F444-87E2-4FBD-839E-9CF0C127BC44}
	EndGlobalSection
EndGlobal
